// !$*UTF8*$!
{
	archiveVersion = 1;
	classes = {
	};
	objectVersion = 50;
	objects = {

/* Begin PBXBuildFile section */
		28BE8D6B21E168B60061FB98 /* AppDelegate.swift in Sources */ = {isa = PBXBuildFile; fileRef = 28BE8D6A21E168B60061FB98 /* AppDelegate.swift */; };
		28BE8D6D21E168B60061FB98 /* ViewController.swift in Sources */ = {isa = PBXBuildFile; fileRef = 28BE8D6C21E168B60061FB98 /* ViewController.swift */; };
		28BE8D7021E168B60061FB98 /* Main.storyboard in Resources */ = {isa = PBXBuildFile; fileRef = 28BE8D6E21E168B60061FB98 /* Main.storyboard */; };
		28BE8D7221E168B80061FB98 /* Assets.xcassets in Resources */ = {isa = PBXBuildFile; fileRef = 28BE8D7121E168B80061FB98 /* Assets.xcassets */; };
		28BE8D7521E168B80061FB98 /* LaunchScreen.storyboard in Resources */ = {isa = PBXBuildFile; fileRef = 28BE8D7321E168B80061FB98 /* LaunchScreen.storyboard */; };
		28BE8D8021E168B80061FB98 /* VariableModalTests.swift in Sources */ = {isa = PBXBuildFile; fileRef = 28BE8D7F21E168B80061FB98 /* VariableModalTests.swift */; };
		28BE8D8B21E168B80061FB98 /* VariableModalUITests.swift in Sources */ = {isa = PBXBuildFile; fileRef = 28BE8D8A21E168B80061FB98 /* VariableModalUITests.swift */; };
		28BE8D9921E16B8C0061FB98 /* ModalController.swift in Sources */ = {isa = PBXBuildFile; fileRef = 28BE8D9821E16B8C0061FB98 /* ModalController.swift */; };
		28BE8D9B21E16DC00061FB98 /* ModalView.swift in Sources */ = {isa = PBXBuildFile; fileRef = 28BE8D9A21E16DC00061FB98 /* ModalView.swift */; };
/* End PBXBuildFile section */

/* Begin PBXContainerItemProxy section */
		28BE8D7C21E168B80061FB98 /* PBXContainerItemProxy */ = {
			isa = PBXContainerItemProxy;
			containerPortal = 28BE8D5F21E168B60061FB98 /* Project object */;
			proxyType = 1;
			remoteGlobalIDString = 28BE8D6621E168B60061FB98;
			remoteInfo = VariableModal;
		};
		28BE8D8721E168B80061FB98 /* PBXContainerItemProxy */ = {
			isa = PBXContainerItemProxy;
			containerPortal = 28BE8D5F21E168B60061FB98 /* Project object */;
			proxyType = 1;
			remoteGlobalIDString = 28BE8D6621E168B60061FB98;
			remoteInfo = VariableModal;
		};
/* End PBXContainerItemProxy section */

/* Begin PBXFileReference section */
		28BE8D6721E168B60061FB98 /* VariableModal.app */ = {isa = PBXFileReference; explicitFileType = wrapper.application; includeInIndex = 0; path = VariableModal.app; sourceTree = BUILT_PRODUCTS_DIR; };
		28BE8D6A21E168B60061FB98 /* AppDelegate.swift */ = {isa = PBXFileReference; lastKnownFileType = sourcecode.swift; path = AppDelegate.swift; sourceTree = "<group>"; };
		28BE8D6C21E168B60061FB98 /* ViewController.swift */ = {isa = PBXFileReference; lastKnownFileType = sourcecode.swift; path = ViewController.swift; sourceTree = "<group>"; };
		28BE8D6F21E168B60061FB98 /* Base */ = {isa = PBXFileReference; lastKnownFileType = file.storyboard; name = Base; path = Base.lproj/Main.storyboard; sourceTree = "<group>"; };
		28BE8D7121E168B80061FB98 /* Assets.xcassets */ = {isa = PBXFileReference; lastKnownFileType = folder.assetcatalog; path = Assets.xcassets; sourceTree = "<group>"; };
		28BE8D7421E168B80061FB98 /* Base */ = {isa = PBXFileReference; lastKnownFileType = file.storyboard; name = Base; path = Base.lproj/LaunchScreen.storyboard; sourceTree = "<group>"; };
		28BE8D7621E168B80061FB98 /* Info.plist */ = {isa = PBXFileReference; lastKnownFileType = text.plist.xml; path = Info.plist; sourceTree = "<group>"; };
		28BE8D7B21E168B80061FB98 /* VariableModalTests.xctest */ = {isa = PBXFileReference; explicitFileType = wrapper.cfbundle; includeInIndex = 0; path = VariableModalTests.xctest; sourceTree = BUILT_PRODUCTS_DIR; };
		28BE8D7F21E168B80061FB98 /* VariableModalTests.swift */ = {isa = PBXFileReference; lastKnownFileType = sourcecode.swift; path = VariableModalTests.swift; sourceTree = "<group>"; };
		28BE8D8121E168B80061FB98 /* Info.plist */ = {isa = PBXFileReference; lastKnownFileType = text.plist.xml; path = Info.plist; sourceTree = "<group>"; };
		28BE8D8621E168B80061FB98 /* VariableModalUITests.xctest */ = {isa = PBXFileReference; explicitFileType = wrapper.cfbundle; includeInIndex = 0; path = VariableModalUITests.xctest; sourceTree = BUILT_PRODUCTS_DIR; };
		28BE8D8A21E168B80061FB98 /* VariableModalUITests.swift */ = {isa = PBXFileReference; lastKnownFileType = sourcecode.swift; path = VariableModalUITests.swift; sourceTree = "<group>"; };
		28BE8D8C21E168B80061FB98 /* Info.plist */ = {isa = PBXFileReference; lastKnownFileType = text.plist.xml; path = Info.plist; sourceTree = "<group>"; };
		28BE8D9821E16B8C0061FB98 /* ModalController.swift */ = {isa = PBXFileReference; lastKnownFileType = sourcecode.swift; path = ModalController.swift; sourceTree = "<group>"; };
		28BE8D9A21E16DC00061FB98 /* ModalView.swift */ = {isa = PBXFileReference; lastKnownFileType = sourcecode.swift; path = ModalView.swift; sourceTree = "<group>"; };
/* End PBXFileReference section */

/* Begin PBXFrameworksBuildPhase section */
		28BE8D6421E168B60061FB98 /* Frameworks */ = {
			isa = PBXFrameworksBuildPhase;
			buildActionMask = 2147483647;
			files = (
			);
			runOnlyForDeploymentPostprocessing = 0;
		};
		28BE8D7821E168B80061FB98 /* Frameworks */ = {
			isa = PBXFrameworksBuildPhase;
			buildActionMask = 2147483647;
			files = (
			);
			runOnlyForDeploymentPostprocessing = 0;
		};
		28BE8D8321E168B80061FB98 /* Frameworks */ = {
			isa = PBXFrameworksBuildPhase;
			buildActionMask = 2147483647;
			files = (
			);
			runOnlyForDeploymentPostprocessing = 0;
		};
/* End PBXFrameworksBuildPhase section */

/* Begin PBXGroup section */
		28BE8D5E21E168B60061FB98 = {
			isa = PBXGroup;
			children = (
				28BE8D6921E168B60061FB98 /* VariableModal */,
				28BE8D7E21E168B80061FB98 /* VariableModalTests */,
				28BE8D8921E168B80061FB98 /* VariableModalUITests */,
				28BE8D6821E168B60061FB98 /* Products */,
			);
			sourceTree = "<group>";
		};
		28BE8D6821E168B60061FB98 /* Products */ = {
			isa = PBXGroup;
			children = (
				28BE8D6721E168B60061FB98 /* VariableModal.app */,
				28BE8D7B21E168B80061FB98 /* VariableModalTests.xctest */,
				28BE8D8621E168B80061FB98 /* VariableModalUITests.xctest */,
			);
			name = Products;
			sourceTree = "<group>";
		};
		28BE8D6921E168B60061FB98 /* VariableModal */ = {
			isa = PBXGroup;
			children = (
				28BE8D6A21E168B60061FB98 /* AppDelegate.swift */,
				28BE8D6C21E168B60061FB98 /* ViewController.swift */,
				28BE8D9821E16B8C0061FB98 /* ModalController.swift */,
				28BE8D9A21E16DC00061FB98 /* ModalView.swift */,
				28BE8D6E21E168B60061FB98 /* Main.storyboard */,
				28BE8D7121E168B80061FB98 /* Assets.xcassets */,
				28BE8D7321E168B80061FB98 /* LaunchScreen.storyboard */,
				28BE8D7621E168B80061FB98 /* Info.plist */,
			);
			path = VariableModal;
			sourceTree = "<group>";
		};
		28BE8D7E21E168B80061FB98 /* VariableModalTests */ = {
			isa = PBXGroup;
			children = (
				28BE8D7F21E168B80061FB98 /* VariableModalTests.swift */,
				28BE8D8121E168B80061FB98 /* Info.plist */,
			);
			path = VariableModalTests;
			sourceTree = "<group>";
		};
		28BE8D8921E168B80061FB98 /* VariableModalUITests */ = {
			isa = PBXGroup;
			children = (
				28BE8D8A21E168B80061FB98 /* VariableModalUITests.swift */,
				28BE8D8C21E168B80061FB98 /* Info.plist */,
			);
			path = VariableModalUITests;
			sourceTree = "<group>";
		};
/* End PBXGroup section */

/* Begin PBXNativeTarget section */
		28BE8D6621E168B60061FB98 /* VariableModal */ = {
			isa = PBXNativeTarget;
			buildConfigurationList = 28BE8D8F21E168B80061FB98 /* Build configuration list for PBXNativeTarget "VariableModal" */;
			buildPhases = (
				28BE8D6321E168B60061FB98 /* Sources */,
				28BE8D6421E168B60061FB98 /* Frameworks */,
				28BE8D6521E168B60061FB98 /* Resources */,
			);
			buildRules = (
			);
			dependencies = (
			);
			name = VariableModal;
			productName = VariableModal;
			productReference = 28BE8D6721E168B60061FB98 /* VariableModal.app */;
			productType = "com.apple.product-type.application";
		};
		28BE8D7A21E168B80061FB98 /* VariableModalTests */ = {
			isa = PBXNativeTarget;
			buildConfigurationList = 28BE8D9221E168B80061FB98 /* Build configuration list for PBXNativeTarget "VariableModalTests" */;
			buildPhases = (
				28BE8D7721E168B80061FB98 /* Sources */,
				28BE8D7821E168B80061FB98 /* Frameworks */,
				28BE8D7921E168B80061FB98 /* Resources */,
			);
			buildRules = (
			);
			dependencies = (
				28BE8D7D21E168B80061FB98 /* PBXTargetDependency */,
			);
			name = VariableModalTests;
			productName = VariableModalTests;
			productReference = 28BE8D7B21E168B80061FB98 /* VariableModalTests.xctest */;
			productType = "com.apple.product-type.bundle.unit-test";
		};
		28BE8D8521E168B80061FB98 /* VariableModalUITests */ = {
			isa = PBXNativeTarget;
			buildConfigurationList = 28BE8D9521E168B80061FB98 /* Build configuration list for PBXNativeTarget "VariableModalUITests" */;
			buildPhases = (
				28BE8D8221E168B80061FB98 /* Sources */,
				28BE8D8321E168B80061FB98 /* Frameworks */,
				28BE8D8421E168B80061FB98 /* Resources */,
			);
			buildRules = (
			);
			dependencies = (
				28BE8D8821E168B80061FB98 /* PBXTargetDependency */,
			);
			name = VariableModalUITests;
			productName = VariableModalUITests;
			productReference = 28BE8D8621E168B80061FB98 /* VariableModalUITests.xctest */;
			productType = "com.apple.product-type.bundle.ui-testing";
		};
/* End PBXNativeTarget section */

/* Begin PBXProject section */
		28BE8D5F21E168B60061FB98 /* Project object */ = {
			isa = PBXProject;
			attributes = {
				LastSwiftUpdateCheck = 1010;
				LastUpgradeCheck = 1010;
				ORGANIZATIONNAME = "Galo Torres Sevilla";
				TargetAttributes = {
					28BE8D6621E168B60061FB98 = {
						CreatedOnToolsVersion = 10.1;
					};
					28BE8D7A21E168B80061FB98 = {
						CreatedOnToolsVersion = 10.1;
						TestTargetID = 28BE8D6621E168B60061FB98;
					};
					28BE8D8521E168B80061FB98 = {
						CreatedOnToolsVersion = 10.1;
						TestTargetID = 28BE8D6621E168B60061FB98;
					};
				};
			};
			buildConfigurationList = 28BE8D6221E168B60061FB98 /* Build configuration list for PBXProject "VariableModal" */;
			compatibilityVersion = "Xcode 9.3";
			developmentRegion = en;
			hasScannedForEncodings = 0;
			knownRegions = (
				en,
				Base,
			);
			mainGroup = 28BE8D5E21E168B60061FB98;
			productRefGroup = 28BE8D6821E168B60061FB98 /* Products */;
			projectDirPath = "";
			projectRoot = "";
			targets = (
				28BE8D6621E168B60061FB98 /* VariableModal */,
				28BE8D7A21E168B80061FB98 /* VariableModalTests */,
				28BE8D8521E168B80061FB98 /* VariableModalUITests */,
			);
		};
/* End PBXProject section */

/* Begin PBXResourcesBuildPhase section */
		28BE8D6521E168B60061FB98 /* Resources */ = {
			isa = PBXResourcesBuildPhase;
			buildActionMask = 2147483647;
			files = (
				28BE8D7521E168B80061FB98 /* LaunchScreen.storyboard in Resources */,
				28BE8D7221E168B80061FB98 /* Assets.xcassets in Resources */,
				28BE8D7021E168B60061FB98 /* Main.storyboard in Resources */,
			);
			runOnlyForDeploymentPostprocessing = 0;
		};
		28BE8D7921E168B80061FB98 /* Resources */ = {
			isa = PBXResourcesBuildPhase;
			buildActionMask = 2147483647;
			files = (
			);
			runOnlyForDeploymentPostprocessing = 0;
		};
		28BE8D8421E168B80061FB98 /* Resources */ = {
			isa = PBXResourcesBuildPhase;
			buildActionMask = 2147483647;
			files = (
			);
			runOnlyForDeploymentPostprocessing = 0;
		};
/* End PBXResourcesBuildPhase section */

/* Begin PBXSourcesBuildPhase section */
		28BE8D6321E168B60061FB98 /* Sources */ = {
			isa = PBXSourcesBuildPhase;
			buildActionMask = 2147483647;
			files = (
				28BE8D6D21E168B60061FB98 /* ViewController.swift in Sources */,
				28BE8D9921E16B8C0061FB98 /* ModalController.swift in Sources */,
				28BE8D9B21E16DC00061FB98 /* ModalView.swift in Sources */,
				28BE8D6B21E168B60061FB98 /* AppDelegate.swift in Sources */,
			);
			runOnlyForDeploymentPostprocessing = 0;
		};
		28BE8D7721E168B80061FB98 /* Sources */ = {
			isa = PBXSourcesBuildPhase;
			buildActionMask = 2147483647;
			files = (
				28BE8D8021E168B80061FB98 /* VariableModalTests.swift in Sources */,
			);
			runOnlyForDeploymentPostprocessing = 0;
		};
		28BE8D8221E168B80061FB98 /* Sources */ = {
			isa = PBXSourcesBuildPhase;
			buildActionMask = 2147483647;
			files = (
				28BE8D8B21E168B80061FB98 /* VariableModalUITests.swift in Sources */,
			);
			runOnlyForDeploymentPostprocessing = 0;
		};
/* End PBXSourcesBuildPhase section */

/* Begin PBXTargetDependency section */
		28BE8D7D21E168B80061FB98 /* PBXTargetDependency */ = {
			isa = PBXTargetDependency;
			target = 28BE8D6621E168B60061FB98 /* VariableModal */;
			targetProxy = 28BE8D7C21E168B80061FB98 /* PBXContainerItemProxy */;
		};
		28BE8D8821E168B80061FB98 /* PBXTargetDependency */ = {
			isa = PBXTargetDependency;
			target = 28BE8D6621E168B60061FB98 /* VariableModal */;
			targetProxy = 28BE8D8721E168B80061FB98 /* PBXContainerItemProxy */;
		};
/* End PBXTargetDependency section */

/* Begin PBXVariantGroup section */
		28BE8D6E21E168B60061FB98 /* Main.storyboard */ = {
			isa = PBXVariantGroup;
			children = (
				28BE8D6F21E168B60061FB98 /* Base */,
			);
			name = Main.storyboard;
			sourceTree = "<group>";
		};
		28BE8D7321E168B80061FB98 /* LaunchScreen.storyboard */ = {
			isa = PBXVariantGroup;
			children = (
				28BE8D7421E168B80061FB98 /* Base */,
			);
			name = LaunchScreen.storyboard;
			sourceTree = "<group>";
		};
/* End PBXVariantGroup section */

/* Begin XCBuildConfiguration section */
		28BE8D8D21E168B80061FB98 /* Debug */ = {
			isa = XCBuildConfiguration;
			buildSettings = {
				ALWAYS_SEARCH_USER_PATHS = NO;
				CLANG_ANALYZER_NONNULL = YES;
				CLANG_ANALYZER_NUMBER_OBJECT_CONVERSION = YES_AGGRESSIVE;
				CLANG_CXX_LANGUAGE_STANDARD = "gnu++14";
				CLANG_CXX_LIBRARY = "libc++";
				CLANG_ENABLE_MODULES = YES;
				CLANG_ENABLE_OBJC_ARC = YES;
				CLANG_ENABLE_OBJC_WEAK = YES;
				CLANG_WARN_BLOCK_CAPTURE_AUTORELEASING = YES;
				CLANG_WARN_BOOL_CONVERSION = YES;
				CLANG_WARN_COMMA = YES;
				CLANG_WARN_CONSTANT_CONVERSION = YES;
				CLANG_WARN_DEPRECATED_OBJC_IMPLEMENTATIONS = YES;
				CLANG_WARN_DIRECT_OBJC_ISA_USAGE = YES_ERROR;
				CLANG_WARN_DOCUMENTATION_COMMENTS = YES;
				CLANG_WARN_EMPTY_BODY = YES;
				CLANG_WARN_ENUM_CONVERSION = YES;
				CLANG_WARN_INFINITE_RECURSION = YES;
				CLANG_WARN_INT_CONVERSION = YES;
				CLANG_WARN_NON_LITERAL_NULL_CONVERSION = YES;
				CLANG_WARN_OBJC_IMPLICIT_RETAIN_SELF = YES;
				CLANG_WARN_OBJC_LITERAL_CONVERSION = YES;
				CLANG_WARN_OBJC_ROOT_CLASS = YES_ERROR;
				CLANG_WARN_RANGE_LOOP_ANALYSIS = YES;
				CLANG_WARN_STRICT_PROTOTYPES = YES;
				CLANG_WARN_SUSPICIOUS_MOVE = YES;
				CLANG_WARN_UNGUARDED_AVAILABILITY = YES_AGGRESSIVE;
				CLANG_WARN_UNREACHABLE_CODE = YES;
				CLANG_WARN__DUPLICATE_METHOD_MATCH = YES;
				CODE_SIGN_IDENTITY = "iPhone Developer";
				COPY_PHASE_STRIP = NO;
				DEBUG_INFORMATION_FORMAT = dwarf;
				ENABLE_STRICT_OBJC_MSGSEND = YES;
				ENABLE_TESTABILITY = YES;
				GCC_C_LANGUAGE_STANDARD = gnu11;
				GCC_DYNAMIC_NO_PIC = NO;
				GCC_NO_COMMON_BLOCKS = YES;
				GCC_OPTIMIZATION_LEVEL = 0;
				GCC_PREPROCESSOR_DEFINITIONS = (
					"DEBUG=1",
					"$(inherited)",
				);
				GCC_WARN_64_TO_32_BIT_CONVERSION = YES;
				GCC_WARN_ABOUT_RETURN_TYPE = YES_ERROR;
				GCC_WARN_UNDECLARED_SELECTOR = YES;
				GCC_WARN_UNINITIALIZED_AUTOS = YES_AGGRESSIVE;
				GCC_WARN_UNUSED_FUNCTION = YES;
				GCC_WARN_UNUSED_VARIABLE = YES;
				IPHONEOS_DEPLOYMENT_TARGET = 12.1;
				MTL_ENABLE_DEBUG_INFO = INCLUDE_SOURCE;
				MTL_FAST_MATH = YES;
				ONLY_ACTIVE_ARCH = YES;
				SDKROOT = iphoneos;
				SWIFT_ACTIVE_COMPILATION_CONDITIONS = DEBUG;
				SWIFT_OPTIMIZATION_LEVEL = "-Onone";
			};
			name = Debug;
		};
		28BE8D8E21E168B80061FB98 /* Release */ = {
			isa = XCBuildConfiguration;
			buildSettings = {
				ALWAYS_SEARCH_USER_PATHS = NO;
				CLANG_ANALYZER_NONNULL = YES;
				CLANG_ANALYZER_NUMBER_OBJECT_CONVERSION = YES_AGGRESSIVE;
				CLANG_CXX_LANGUAGE_STANDARD = "gnu++14";
				CLANG_CXX_LIBRARY = "libc++";
				CLANG_ENABLE_MODULES = YES;
				CLANG_ENABLE_OBJC_ARC = YES;
				CLANG_ENABLE_OBJC_WEAK = YES;
				CLANG_WARN_BLOCK_CAPTURE_AUTORELEASING = YES;
				CLANG_WARN_BOOL_CONVERSION = YES;
				CLANG_WARN_COMMA = YES;
				CLANG_WARN_CONSTANT_CONVERSION = YES;
				CLANG_WARN_DEPRECATED_OBJC_IMPLEMENTATIONS = YES;
				CLANG_WARN_DIRECT_OBJC_ISA_USAGE = YES_ERROR;
				CLANG_WARN_DOCUMENTATION_COMMENTS = YES;
				CLANG_WARN_EMPTY_BODY = YES;
				CLANG_WARN_ENUM_CONVERSION = YES;
				CLANG_WARN_INFINITE_RECURSION = YES;
				CLANG_WARN_INT_CONVERSION = YES;
				CLANG_WARN_NON_LITERAL_NULL_CONVERSION = YES;
				CLANG_WARN_OBJC_IMPLICIT_RETAIN_SELF = YES;
				CLANG_WARN_OBJC_LITERAL_CONVERSION = YES;
				CLANG_WARN_OBJC_ROOT_CLASS = YES_ERROR;
				CLANG_WARN_RANGE_LOOP_ANALYSIS = YES;
				CLANG_WARN_STRICT_PROTOTYPES = YES;
				CLANG_WARN_SUSPICIOUS_MOVE = YES;
				CLANG_WARN_UNGUARDED_AVAILABILITY = YES_AGGRESSIVE;
				CLANG_WARN_UNREACHABLE_CODE = YES;
				CLANG_WARN__DUPLICATE_METHOD_MATCH = YES;
				CODE_SIGN_IDENTITY = "iPhone Developer";
				COPY_PHASE_STRIP = NO;
				DEBUG_INFORMATION_FORMAT = "dwarf-with-dsym";
				ENABLE_NS_ASSERTIONS = NO;
				ENABLE_STRICT_OBJC_MSGSEND = YES;
				GCC_C_LANGUAGE_STANDARD = gnu11;
				GCC_NO_COMMON_BLOCKS = YES;
				GCC_WARN_64_TO_32_BIT_CONVERSION = YES;
				GCC_WARN_ABOUT_RETURN_TYPE = YES_ERROR;
				GCC_WARN_UNDECLARED_SELECTOR = YES;
				GCC_WARN_UNINITIALIZED_AUTOS = YES_AGGRESSIVE;
				GCC_WARN_UNUSED_FUNCTION = YES;
				GCC_WARN_UNUSED_VARIABLE = YES;
				IPHONEOS_DEPLOYMENT_TARGET = 12.1;
				MTL_ENABLE_DEBUG_INFO = NO;
				MTL_FAST_MATH = YES;
				SDKROOT = iphoneos;
				SWIFT_COMPILATION_MODE = wholemodule;
				SWIFT_OPTIMIZATION_LEVEL = "-O";
				VALIDATE_PRODUCT = YES;
			};
			name = Release;
		};
		28BE8D9021E168B80061FB98 /* Debug */ = {
			isa = XCBuildConfiguration;
			buildSettings = {
				ASSETCATALOG_COMPILER_APPICON_NAME = AppIcon;
				CODE_SIGN_STYLE = Automatic;
				INFOPLIST_FILE = VariableModal/Info.plist;
				LD_RUNPATH_SEARCH_PATHS = (
					"$(inherited)",
					"@executable_path/Frameworks",
				);
				PRODUCT_BUNDLE_IDENTIFIER = app.com.VariableModal;
				PRODUCT_NAME = "$(TARGET_NAME)";
				SWIFT_VERSION = 4.2;
				TARGETED_DEVICE_FAMILY = "1,2";
			};
			name = Debug;
		};
		28BE8D9121E168B80061FB98 /* Release */ = {
			isa = XCBuildConfiguration;
			buildSettings = {
				ASSETCATALOG_COMPILER_APPICON_NAME = AppIcon;
				CODE_SIGN_STYLE = Automatic;
				INFOPLIST_FILE = VariableModal/Info.plist;
				LD_RUNPATH_SEARCH_PATHS = (
					"$(inherited)",
					"@executable_path/Frameworks",
				);
				PRODUCT_BUNDLE_IDENTIFIER = app.com.VariableModal;
				PRODUCT_NAME = "$(TARGET_NAME)";
				SWIFT_VERSION = 4.2;
				TARGETED_DEVICE_FAMILY = "1,2";
			};
			name = Release;
		};
		28BE8D9321E168B80061FB98 /* Debug */ = {
			isa = XCBuildConfiguration;
			buildSettings = {
				ALWAYS_EMBED_SWIFT_STANDARD_LIBRARIES = YES;
				BUNDLE_LOADER = "$(TEST_HOST)";
				CODE_SIGN_STYLE = Automatic;
				INFOPLIST_FILE = VariableModalTests/Info.plist;
				LD_RUNPATH_SEARCH_PATHS = (
					"$(inherited)",
					"@executable_path/Frameworks",
					"@loader_path/Frameworks",
				);
				PRODUCT_BUNDLE_IDENTIFIER = app.com.VariableModalTests;
				PRODUCT_NAME = "$(TARGET_NAME)";
				SWIFT_VERSION = 4.2;
				TARGETED_DEVICE_FAMILY = "1,2";
				TEST_HOST = "$(BUILT_PRODUCTS_DIR)/VariableModal.app/VariableModal";
			};
			name = Debug;
		};
		28BE8D9421E168B80061FB98 /* Release */ = {
			isa = XCBuildConfiguration;
			buildSettings = {
				ALWAYS_EMBED_SWIFT_STANDARD_LIBRARIES = YES;
				BUNDLE_LOADER = "$(TEST_HOST)";
				CODE_SIGN_STYLE = Automatic;
				INFOPLIST_FILE = VariableModalTests/Info.plist;
				LD_RUNPATH_SEARCH_PATHS = (
					"$(inherited)",
					"@executable_path/Frameworks",
					"@loader_path/Frameworks",
				);
				PRODUCT_BUNDLE_IDENTIFIER = app.com.VariableModalTests;
				PRODUCT_NAME = "$(TARGET_NAME)";
				SWIFT_VERSION = 4.2;
				TARGETED_DEVICE_FAMILY = "1,2";
				TEST_HOST = "$(BUILT_PRODUCTS_DIR)/VariableModal.app/VariableModal";
			};
			name = Release;
		};
		28BE8D9621E168B80061FB98 /* Debug */ = {
			isa = XCBuildConfiguration;
			buildSettings = {
				ALWAYS_EMBED_SWIFT_STANDARD_LIBRARIES = YES;
				CODE_SIGN_STYLE = Automatic;
				INFOPLIST_FILE = VariableModalUITests/Info.plist;
				LD_RUNPATH_SEARCH_PATHS = (
					"$(inherited)",
					"@executable_path/Frameworks",
					"@loader_path/Frameworks",
				);
				PRODUCT_BUNDLE_IDENTIFIER = app.com.VariableModalUITests;
				PRODUCT_NAME = "$(TARGET_NAME)";
				SWIFT_VERSION = 4.2;
				TARGETED_DEVICE_FAMILY = "1,2";
				TEST_TARGET_NAME = VariableModal;
			};
			name = Debug;
		};
		28BE8D9721E168B80061FB98 /* Release */ = {
			isa = XCBuildConfiguration;
			buildSettings = {
				ALWAYS_EMBED_SWIFT_STANDARD_LIBRARIES = YES;
				CODE_SIGN_STYLE = Automatic;
				INFOPLIST_FILE = VariableModalUITests/Info.plist;
				LD_RUNPATH_SEARCH_PATHS = (
					"$(inherited)",
					"@executable_path/Frameworks",
					"@loader_path/Frameworks",
				);
				PRODUCT_BUNDLE_IDENTIFIER = app.com.VariableModalUITests;
				PRODUCT_NAME = "$(TARGET_NAME)";
				SWIFT_VERSION = 4.2;
				TARGETED_DEVICE_FAMILY = "1,2";
				TEST_TARGET_NAME = VariableModal;
			};
			name = Release;
		};
/* End XCBuildConfiguration section */

/* Begin XCConfigurationList section */
		28BE8D6221E168B60061FB98 /* Build configuration list for PBXProject "VariableModal" */ = {
			isa = XCConfigurationList;
			buildConfigurations = (
				28BE8D8D21E168B80061FB98 /* Debug */,
				28BE8D8E21E168B80061FB98 /* Release */,
			);
			defaultConfigurationIsVisible = 0;
			defaultConfigurationName = Release;
		};
		28BE8D8F21E168B80061FB98 /* Build configuration list for PBXNativeTarget "VariableModal" */ = {
			isa = XCConfigurationList;
			buildConfigurations = (
				28BE8D9021E168B80061FB98 /* Debug */,
				28BE8D9121E168B80061FB98 /* Release */,
			);
			defaultConfigurationIsVisible = 0;
			defaultConfigurationName = Release;
		};
		28BE8D9221E168B80061FB98 /* Build configuration list for PBXNativeTarget "VariableModalTests" */ = {
			isa = XCConfigurationList;
			buildConfigurations = (
				28BE8D9321E168B80061FB98 /* Debug */,
				28BE8D9421E168B80061FB98 /* Release */,
			);
			defaultConfigurationIsVisible = 0;
			defaultConfigurationName = Release;
		};
		28BE8D9521E168B80061FB98 /* Build configuration list for PBXNativeTarget "VariableModalUITests" */ = {
			isa = XCConfigurationList;
			buildConfigurations = (
				28BE8D9621E168B80061FB98 /* Debug */,
				28BE8D9721E168B80061FB98 /* Release */,
			);
			defaultConfigurationIsVisible = 0;
			defaultConfigurationName = Release;
		};
/* End XCConfigurationList section */
	};
	rootObject = 28BE8D5F21E168B60061FB98 /* Project object */;
}
